// !$*UTF8*$!
{
	archiveVersion = 1;
	classes = {
	};
	objectVersion = 51;
	objects = {

/* Begin PBXBuildFile section */
		0A0288102373AFFD004C39E9 /* ColumnView.m in Sources */ = {isa = PBXBuildFile; fileRef = 0A02880F2373AFFD004C39E9 /* ColumnView.m */; };
		0A28D85C237A4DE50030CB4C /* PushCell.m in Sources */ = {isa = PBXBuildFile; fileRef = 0A28D85A237A4DE50030CB4C /* PushCell.m */; };
		0A28D85D237A4DE50030CB4C /* PushCell.xib in Resources */ = {isa = PBXBuildFile; fileRef = 0A28D85B237A4DE50030CB4C /* PushCell.xib */; };
		0A3684DB234EDD1F0091DCFC /* RadarChartDataItem.m in Sources */ = {isa = PBXBuildFile; fileRef = 0A3684D0234EDD1E0091DCFC /* RadarChartDataItem.m */; };
		0A3684DC234EDD1F0091DCFC /* LineChartData.m in Sources */ = {isa = PBXBuildFile; fileRef = 0A3684D1234EDD1E0091DCFC /* LineChartData.m */; };
		0A3684DD234EDD1F0091DCFC /* CircleChart.m in Sources */ = {isa = PBXBuildFile; fileRef = 0A3684D6234EDD1F0091DCFC /* CircleChart.m */; };
		0A3684DF234EDD1F0091DCFC /* RadarChart.m in Sources */ = {isa = PBXBuildFile; fileRef = 0A3684DA234EDD1F0091DCFC /* RadarChart.m */; };
		0A3684EE234EDDD10091DCFC /* UICountingLabel.m in Sources */ = {isa = PBXBuildFile; fileRef = 0A3684ED234EDDD10091DCFC /* UICountingLabel.m */; };
		0A3684F4234F01340091DCFC /* LineChart.m in Sources */ = {isa = PBXBuildFile; fileRef = 0A3684F3234F01340091DCFC /* LineChart.m */; };
		0A3684F9234F23680091DCFC /* PageDefault.m in Sources */ = {isa = PBXBuildFile; fileRef = 0A3684F8234F23680091DCFC /* PageDefault.m */; };
		0A3684FC234F23EF0091DCFC /* PageDefaultTableProtocol.m in Sources */ = {isa = PBXBuildFile; fileRef = 0A3684FB234F23EF0091DCFC /* PageDefaultTableProtocol.m */; };
		0A368505234F3A050091DCFC /* AnimationImageView.m in Sources */ = {isa = PBXBuildFile; fileRef = 0A368504234F3A050091DCFC /* AnimationImageView.m */; };
		0A382851235FF60700A1B9E0 /* PlaceHolderCell.m in Sources */ = {isa = PBXBuildFile; fileRef = 0A38284F235FF60700A1B9E0 /* PlaceHolderCell.m */; };
		0A382852235FF60700A1B9E0 /* PlaceHolderCell.xib in Resources */ = {isa = PBXBuildFile; fileRef = 0A382850235FF60700A1B9E0 /* PlaceHolderCell.xib */; };
		0A4666CE2382296E004B780E /* CustomHistogram.m in Sources */ = {isa = PBXBuildFile; fileRef = 0A4666CD2382296E004B780E /* CustomHistogram.m */; };
		0A5D9096236192D5004E2A45 /* area.plist in Resources */ = {isa = PBXBuildFile; fileRef = 0A5D908B236192D5004E2A45 /* area.plist */; };
		0A5D9097236192D5004E2A45 /* LKAddressPickerPresentAnimated.m in Sources */ = {isa = PBXBuildFile; fileRef = 0A5D908D236192D5004E2A45 /* LKAddressPickerPresentAnimated.m */; };
		0A5D9098236192D5004E2A45 /* LKAddressModel.m in Sources */ = {isa = PBXBuildFile; fileRef = 0A5D9090236192D5004E2A45 /* LKAddressModel.m */; };
		0A5D9099236192D5004E2A45 /* LKAddressPickViewTableViewCell.m in Sources */ = {isa = PBXBuildFile; fileRef = 0A5D9091236192D5004E2A45 /* LKAddressPickViewTableViewCell.m */; };
		0A5D909A236192D5004E2A45 /* LKAddressViewController.m in Sources */ = {isa = PBXBuildFile; fileRef = 0A5D9092236192D5004E2A45 /* LKAddressViewController.m */; };
		0A5D909B236192D5004E2A45 /* LKAddressPickerView.m in Sources */ = {isa = PBXBuildFile; fileRef = 0A5D9093236192D5004E2A45 /* LKAddressPickerView.m */; };
		0A5FEB162327883F00866C91 /* LKCountDown.m in Sources */ = {isa = PBXBuildFile; fileRef = 0A5FEB152327883F00866C91 /* LKCountDown.m */; };
		0A656BDC238BD47E0035BC71 /* LKAlertView.m in Sources */ = {isa = PBXBuildFile; fileRef = 0A656BDB238BD47E0035BC71 /* LKAlertView.m */; };
		0A71C1BA23501608009AD0A2 /* HistogramChart.m in Sources */ = {isa = PBXBuildFile; fileRef = 0A71C1B923501608009AD0A2 /* HistogramChart.m */; };
		0A87AACD2376BFE8005B7D64 /* LKItemSelect.m in Sources */ = {isa = PBXBuildFile; fileRef = 0A87AACC2376BFE8005B7D64 /* LKItemSelect.m */; };
		0A8820CA236137F70080D580 /* LightLKButton.m in Sources */ = {isa = PBXBuildFile; fileRef = 0A8820C9236137F70080D580 /* LightLKButton.m */; };
		0A8820CC2361380B0080D580 /* LightLKButton.xib in Resources */ = {isa = PBXBuildFile; fileRef = 0A8820CB2361380B0080D580 /* LightLKButton.xib */; };
		0A8820D0236139B40080D580 /* DeepLKButton.m in Sources */ = {isa = PBXBuildFile; fileRef = 0A8820CF236139B40080D580 /* DeepLKButton.m */; };
		0A8820D2236139BE0080D580 /* DeepLKButton.xib in Resources */ = {isa = PBXBuildFile; fileRef = 0A8820D1236139BE0080D580 /* DeepLKButton.xib */; };
		0A8D81F22357F23E00CCE615 /* TreeChart.m in Sources */ = {isa = PBXBuildFile; fileRef = 0A8D81F12357F23E00CCE615 /* TreeChart.m */; };
		0A8DF3D4231FBD00003B7DD6 /* TabbarPage.m in Sources */ = {isa = PBXBuildFile; fileRef = 0A8DF3D3231FBD00003B7DD6 /* TabbarPage.m */; };
		0A972BB9231F44CA00DBC599 /* NetValue.m in Sources */ = {isa = PBXBuildFile; fileRef = 0A972BB8231F44CA00DBC599 /* NetValue.m */; };
		0A9D8078237026E700ED80B1 /* UserInfoProtocolPage.m in Sources */ = {isa = PBXBuildFile; fileRef = 0A9D8077237026E700ED80B1 /* UserInfoProtocolPage.m */; };
		0A9DE397237BDC15002544D4 /* TableFootView.xib in Resources */ = {isa = PBXBuildFile; fileRef = 0A9DE396237BDC15002544D4 /* TableFootView.xib */; };
		0AA99861231E03A600877690 /* AppDelegate.m in Sources */ = {isa = PBXBuildFile; fileRef = 0AA99860231E03A600877690 /* AppDelegate.m */; };
		0AA99864231E03A600877690 /* ViewController.m in Sources */ = {isa = PBXBuildFile; fileRef = 0AA99863231E03A600877690 /* ViewController.m */; };
		0AA99869231E03A900877690 /* Assets.xcassets in Resources */ = {isa = PBXBuildFile; fileRef = 0AA99868231E03A900877690 /* Assets.xcassets */; };
		0AA9986C231E03A900877690 /* LaunchScreen.storyboard in Resources */ = {isa = PBXBuildFile; fileRef = 0AA9986A231E03A900877690 /* LaunchScreen.storyboard */; };
		0AA9986F231E03A900877690 /* main.m in Sources */ = {isa = PBXBuildFile; fileRef = 0AA9986E231E03A900877690 /* main.m */; };
		0AA9987B231E081400877690 /* NavigationPage.m in Sources */ = {isa = PBXBuildFile; fileRef = 0AA9987A231E081400877690 /* NavigationPage.m */; };
		0AA9987F231E0D7E00877690 /* AppInitUtils.m in Sources */ = {isa = PBXBuildFile; fileRef = 0AA9987E231E0D7E00877690 /* AppInitUtils.m */; };
		0AA99884231E106600877690 /* UIColor+TFT.m in Sources */ = {isa = PBXBuildFile; fileRef = 0AA99882231E106600877690 /* UIColor+TFT.m */; };
		0AA9988B231E19FB00877690 /* UIView+Extension.m in Sources */ = {isa = PBXBuildFile; fileRef = 0AA9988A231E19FB00877690 /* UIView+Extension.m */; };
		0AA9988F231E3A0A00877690 /* Page.m in Sources */ = {isa = PBXBuildFile; fileRef = 0AA9988E231E3A0A00877690 /* Page.m */; };
		0AA99892231E4FCF00877690 /* TablePage.m in Sources */ = {isa = PBXBuildFile; fileRef = 0AA99891231E4FCF00877690 /* TablePage.m */; };
		0AA99896231E5B8D00877690 /* NetWork.m in Sources */ = {isa = PBXBuildFile; fileRef = 0AA99895231E5B8D00877690 /* NetWork.m */; };
		0AA9989A231E5CD100877690 /* LKLoadingView.m in Sources */ = {isa = PBXBuildFile; fileRef = 0AA99899231E5CD100877690 /* LKLoadingView.m */; };
		0AB22FF22320B126001498FF /* LKNav.m in Sources */ = {isa = PBXBuildFile; fileRef = 0AB22FF12320B126001498FF /* LKNav.m */; };
		0AB22FF92320B846001498FF /* TableProtocol.m in Sources */ = {isa = PBXBuildFile; fileRef = 0AB22FF82320B846001498FF /* TableProtocol.m */; };
		0AB22FFC2320C9CD001498FF /* ViewControllerTableProtocol.m in Sources */ = {isa = PBXBuildFile; fileRef = 0AB22FFB2320C9CD001498FF /* ViewControllerTableProtocol.m */; };
		0AB230082320E648001498FF /* VCViewModel.m in Sources */ = {isa = PBXBuildFile; fileRef = 0AB230072320E648001498FF /* VCViewModel.m */; };
		0ABAC82C2328F5570032CD5D /* LKButton.m in Sources */ = {isa = PBXBuildFile; fileRef = 0ABAC82B2328F5570032CD5D /* LKButton.m */; };
		0ABFD2F523603BBF00E9D470 /* BottomView.m in Sources */ = {isa = PBXBuildFile; fileRef = 0ABFD2F423603BBF00E9D470 /* BottomView.m */; };
		0ABFD2F723603BC800E9D470 /* BottomView.xib in Resources */ = {isa = PBXBuildFile; fileRef = 0ABFD2F623603BC800E9D470 /* BottomView.xib */; };
		0AC449F8235EB5E300D6989B /* LKClickView.m in Sources */ = {isa = PBXBuildFile; fileRef = 0AC449F7235EB5E300D6989B /* LKClickView.m */; };
		0AC76A51237CF0EF00A30393 /* PasswordPage.m in Sources */ = {isa = PBXBuildFile; fileRef = 0AC76A50237CF0EF00A30393 /* PasswordPage.m */; };
		0AC973E5234D87C4007FCF56 /* LKRollView.m in Sources */ = {isa = PBXBuildFile; fileRef = 0AC973E3234D87C4007FCF56 /* LKRollView.m */; };
		0AC973E9234DB074007FCF56 /* LKSwiper.m in Sources */ = {isa = PBXBuildFile; fileRef = 0AC973E8234DB074007FCF56 /* LKSwiper.m */; };
		0ACB58AE23922E1D0066613A /* UIViewController+POP.m in Sources */ = {isa = PBXBuildFile; fileRef = 0ACB58AD23922E1D0066613A /* UIViewController+POP.m */; };
		0ACFB0FD232A3942008B031F /* UserLoginInfo.m in Sources */ = {isa = PBXBuildFile; fileRef = 0ACFB0FC232A3942008B031F /* UserLoginInfo.m */; };
		0AD8950723877F8B007FECB1 /* LCQRCodeUtil.m in Sources */ = {isa = PBXBuildFile; fileRef = 0AD8950623877F8B007FECB1 /* LCQRCodeUtil.m */; };
		0ADB88D52322335C00605F48 /* PushPage.m in Sources */ = {isa = PBXBuildFile; fileRef = 0ADB88D42322335C00605F48 /* PushPage.m */; };
		0ADB88D92322411F00605F48 /* Func.m in Sources */ = {isa = PBXBuildFile; fileRef = 0ADB88D82322411F00605F48 /* Func.m */; };
		0ADFE6F023710B9F00C336A7 /* SuccessPage.m in Sources */ = {isa = PBXBuildFile; fileRef = 0ADFE6EF23710B9F00C336A7 /* SuccessPage.m */; };
		0ADFE6F223710BC200C336A7 /* SuccessView.xib in Resources */ = {isa = PBXBuildFile; fileRef = 0ADFE6F123710BC200C336A7 /* SuccessView.xib */; };
		0ADFE6FC2371514C00C336A7 /* PwdView.m in Sources */ = {isa = PBXBuildFile; fileRef = 0ADFE6FB2371514C00C336A7 /* PwdView.m */; };
		0AEA6CFD232F6A8100458545 /* RSA.m in Sources */ = {isa = PBXBuildFile; fileRef = 0AEA6CFC232F6A8100458545 /* RSA.m */; };
		0AF968F7237E48F400C40C6B /* LKStepPage.m in Sources */ = {isa = PBXBuildFile; fileRef = 0AF968F6237E48F400C40C6B /* LKStepPage.m */; };
		0AFBF1A0232207D30004EE4E /* NSString+DateFormat.m in Sources */ = {isa = PBXBuildFile; fileRef = 0AFBF19D232207D30004EE4E /* NSString+DateFormat.m */; };
		0AFBF1A1232207D30004EE4E /* NSDate+DateFormat.m in Sources */ = {isa = PBXBuildFile; fileRef = 0AFBF19E232207D30004EE4E /* NSDate+DateFormat.m */; };
		0AFBF1A2232207D30004EE4E /* NSDateComponents+DateFormat.m in Sources */ = {isa = PBXBuildFile; fileRef = 0AFBF19F232207D30004EE4E /* NSDateComponents+DateFormat.m */; };
		0AFC903F2373C86F00A45FB0 /* WebPage.m in Sources */ = {isa = PBXBuildFile; fileRef = 0AFC903E2373C86F00A45FB0 /* WebPage.m */; };
		0AFC90592373CECC00A45FB0 /* h5 in Resources */ = {isa = PBXBuildFile; fileRef = 0AFC90582373CECC00A45FB0 /* h5 */; };
		0AFC905C2373EBD100A45FB0 /* JsFuncModel.m in Sources */ = {isa = PBXBuildFile; fileRef = 0AFC905B2373EBD100A45FB0 /* JsFuncModel.m */; };
		3F4D441292B5D299140369DF /* libPods-runner.a in Frameworks */ = {isa = PBXBuildFile; fileRef = 7858436795A439F114890765 /* libPods-runner.a */; };
/* End PBXBuildFile section */

/* Begin PBXFileReference section */
		0A02880E2373AFFD004C39E9 /* ColumnView.h */ = {isa = PBXFileReference; lastKnownFileType = sourcecode.c.h; path = ColumnView.h; sourceTree = "<group>"; };
		0A02880F2373AFFD004C39E9 /* ColumnView.m */ = {isa = PBXFileReference; lastKnownFileType = sourcecode.c.objc; path = ColumnView.m; sourceTree = "<group>"; };
		0A28D859237A4DE50030CB4C /* PushCell.h */ = {isa = PBXFileReference; lastKnownFileType = sourcecode.c.h; path = PushCell.h; sourceTree = "<group>"; };
		0A28D85A237A4DE50030CB4C /* PushCell.m */ = {isa = PBXFileReference; lastKnownFileType = sourcecode.c.objc; path = PushCell.m; sourceTree = "<group>"; };
		0A28D85B237A4DE50030CB4C /* PushCell.xib */ = {isa = PBXFileReference; lastKnownFileType = file.xib; path = PushCell.xib; sourceTree = "<group>"; };
		0A3684D0234EDD1E0091DCFC /* RadarChartDataItem.m */ = {isa = PBXFileReference; fileEncoding = 4; lastKnownFileType = sourcecode.c.objc; path = RadarChartDataItem.m; sourceTree = "<group>"; };
		0A3684D1234EDD1E0091DCFC /* LineChartData.m */ = {isa = PBXFileReference; fileEncoding = 4; lastKnownFileType = sourcecode.c.objc; path = LineChartData.m; sourceTree = "<group>"; };
		0A3684D2234EDD1E0091DCFC /* Chart.h */ = {isa = PBXFileReference; fileEncoding = 4; lastKnownFileType = sourcecode.c.h; path = Chart.h; sourceTree = "<group>"; };
		0A3684D3234EDD1F0091DCFC /* RadarChartDataItem.h */ = {isa = PBXFileReference; fileEncoding = 4; lastKnownFileType = sourcecode.c.h; path = RadarChartDataItem.h; sourceTree = "<group>"; };
		0A3684D4234EDD1F0091DCFC /* CircleChart.h */ = {isa = PBXFileReference; fileEncoding = 4; lastKnownFileType = sourcecode.c.h; path = CircleChart.h; sourceTree = "<group>"; };
		0A3684D6234EDD1F0091DCFC /* CircleChart.m */ = {isa = PBXFileReference; fileEncoding = 4; lastKnownFileType = sourcecode.c.objc; path = CircleChart.m; sourceTree = "<group>"; };
		0A3684D8234EDD1F0091DCFC /* LineChartData.h */ = {isa = PBXFileReference; fileEncoding = 4; lastKnownFileType = sourcecode.c.h; path = LineChartData.h; sourceTree = "<group>"; };
		0A3684D9234EDD1F0091DCFC /* RadarChart.h */ = {isa = PBXFileReference; fileEncoding = 4; lastKnownFileType = sourcecode.c.h; path = RadarChart.h; sourceTree = "<group>"; };
		0A3684DA234EDD1F0091DCFC /* RadarChart.m */ = {isa = PBXFileReference; fileEncoding = 4; lastKnownFileType = sourcecode.c.objc; path = RadarChart.m; sourceTree = "<group>"; };
		0A3684EC234EDDD10091DCFC /* UICountingLabel.h */ = {isa = PBXFileReference; fileEncoding = 4; lastKnownFileType = sourcecode.c.h; path = UICountingLabel.h; sourceTree = "<group>"; };
		0A3684ED234EDDD10091DCFC /* UICountingLabel.m */ = {isa = PBXFileReference; fileEncoding = 4; lastKnownFileType = sourcecode.c.objc; path = UICountingLabel.m; sourceTree = "<group>"; };
		0A3684F2234F01340091DCFC /* LineChart.h */ = {isa = PBXFileReference; fileEncoding = 4; lastKnownFileType = sourcecode.c.h; path = LineChart.h; sourceTree = "<group>"; };
		0A3684F3234F01340091DCFC /* LineChart.m */ = {isa = PBXFileReference; fileEncoding = 4; lastKnownFileType = sourcecode.c.objc; path = LineChart.m; sourceTree = "<group>"; };
		0A3684F7234F23680091DCFC /* PageDefault.h */ = {isa = PBXFileReference; lastKnownFileType = sourcecode.c.h; path = PageDefault.h; sourceTree = "<group>"; };
		0A3684F8234F23680091DCFC /* PageDefault.m */ = {isa = PBXFileReference; lastKnownFileType = sourcecode.c.objc; path = PageDefault.m; sourceTree = "<group>"; };
		0A3684FA234F23EF0091DCFC /* PageDefaultTableProtocol.h */ = {isa = PBXFileReference; lastKnownFileType = sourcecode.c.h; path = PageDefaultTableProtocol.h; sourceTree = "<group>"; };
		0A3684FB234F23EF0091DCFC /* PageDefaultTableProtocol.m */ = {isa = PBXFileReference; lastKnownFileType = sourcecode.c.objc; path = PageDefaultTableProtocol.m; sourceTree = "<group>"; };
		0A368503234F3A050091DCFC /* AnimationImageView.h */ = {isa = PBXFileReference; lastKnownFileType = sourcecode.c.h; path = AnimationImageView.h; sourceTree = "<group>"; };
		0A368504234F3A050091DCFC /* AnimationImageView.m */ = {isa = PBXFileReference; lastKnownFileType = sourcecode.c.objc; path = AnimationImageView.m; sourceTree = "<group>"; };
		0A38284E235FF60700A1B9E0 /* PlaceHolderCell.h */ = {isa = PBXFileReference; lastKnownFileType = sourcecode.c.h; path = PlaceHolderCell.h; sourceTree = "<group>"; };
		0A38284F235FF60700A1B9E0 /* PlaceHolderCell.m */ = {isa = PBXFileReference; lastKnownFileType = sourcecode.c.objc; path = PlaceHolderCell.m; sourceTree = "<group>"; };
		0A382850235FF60700A1B9E0 /* PlaceHolderCell.xib */ = {isa = PBXFileReference; lastKnownFileType = file.xib; path = PlaceHolderCell.xib; sourceTree = "<group>"; };
		0A4666CC2382296E004B780E /* CustomHistogram.h */ = {isa = PBXFileReference; lastKnownFileType = sourcecode.c.h; path = CustomHistogram.h; sourceTree = "<group>"; };
		0A4666CD2382296E004B780E /* CustomHistogram.m */ = {isa = PBXFileReference; lastKnownFileType = sourcecode.c.objc; path = CustomHistogram.m; sourceTree = "<group>"; };
		0A5D908B236192D5004E2A45 /* area.plist */ = {isa = PBXFileReference; fileEncoding = 4; lastKnownFileType = text.plist.xml; path = area.plist; sourceTree = "<group>"; };
		0A5D908C236192D5004E2A45 /* LKAddressViewController.h */ = {isa = PBXFileReference; fileEncoding = 4; lastKnownFileType = sourcecode.c.h; path = LKAddressViewController.h; sourceTree = "<group>"; };
		0A5D908D236192D5004E2A45 /* LKAddressPickerPresentAnimated.m */ = {isa = PBXFileReference; fileEncoding = 4; lastKnownFileType = sourcecode.c.objc; path = LKAddressPickerPresentAnimated.m; sourceTree = "<group>"; };
		0A5D908E236192D5004E2A45 /* LKAddressPickerPresentAnimated.h */ = {isa = PBXFileReference; fileEncoding = 4; lastKnownFileType = sourcecode.c.h; path = LKAddressPickerPresentAnimated.h; sourceTree = "<group>"; };
		0A5D908F236192D5004E2A45 /* LKAddressPickViewTableViewCell.h */ = {isa = PBXFileReference; fileEncoding = 4; lastKnownFileType = sourcecode.c.h; path = LKAddressPickViewTableViewCell.h; sourceTree = "<group>"; };
		0A5D9090236192D5004E2A45 /* LKAddressModel.m */ = {isa = PBXFileReference; fileEncoding = 4; lastKnownFileType = sourcecode.c.objc; path = LKAddressModel.m; sourceTree = "<group>"; };
		0A5D9091236192D5004E2A45 /* LKAddressPickViewTableViewCell.m */ = {isa = PBXFileReference; fileEncoding = 4; lastKnownFileType = sourcecode.c.objc; path = LKAddressPickViewTableViewCell.m; sourceTree = "<group>"; };
		0A5D9092236192D5004E2A45 /* LKAddressViewController.m */ = {isa = PBXFileReference; fileEncoding = 4; lastKnownFileType = sourcecode.c.objc; path = LKAddressViewController.m; sourceTree = "<group>"; };
		0A5D9093236192D5004E2A45 /* LKAddressPickerView.m */ = {isa = PBXFileReference; fileEncoding = 4; lastKnownFileType = sourcecode.c.objc; path = LKAddressPickerView.m; sourceTree = "<group>"; };
		0A5D9094236192D5004E2A45 /* LKAddressPickerView.h */ = {isa = PBXFileReference; fileEncoding = 4; lastKnownFileType = sourcecode.c.h; path = LKAddressPickerView.h; sourceTree = "<group>"; };
		0A5D9095236192D5004E2A45 /* LKAddressModel.h */ = {isa = PBXFileReference; fileEncoding = 4; lastKnownFileType = sourcecode.c.h; path = LKAddressModel.h; sourceTree = "<group>"; };
		0A5FEB142327883F00866C91 /* LKCountDown.h */ = {isa = PBXFileReference; lastKnownFileType = sourcecode.c.h; path = LKCountDown.h; sourceTree = "<group>"; };
		0A5FEB152327883F00866C91 /* LKCountDown.m */ = {isa = PBXFileReference; lastKnownFileType = sourcecode.c.objc; path = LKCountDown.m; sourceTree = "<group>"; };
		0A656BDA238BD47E0035BC71 /* LKAlertView.h */ = {isa = PBXFileReference; fileEncoding = 4; lastKnownFileType = sourcecode.c.h; path = LKAlertView.h; sourceTree = "<group>"; };
		0A656BDB238BD47E0035BC71 /* LKAlertView.m */ = {isa = PBXFileReference; fileEncoding = 4; lastKnownFileType = sourcecode.c.objc; path = LKAlertView.m; sourceTree = "<group>"; };
		0A71C1B823501608009AD0A2 /* HistogramChart.h */ = {isa = PBXFileReference; lastKnownFileType = sourcecode.c.h; path = HistogramChart.h; sourceTree = "<group>"; };
		0A71C1B923501608009AD0A2 /* HistogramChart.m */ = {isa = PBXFileReference; lastKnownFileType = sourcecode.c.objc; path = HistogramChart.m; sourceTree = "<group>"; };
		0A82531A2394BDF80089A5EB /* 立刷掌柜Release.entitlements */ = {isa = PBXFileReference; lastKnownFileType = text.plist.entitlements; path = "立刷掌柜Release.entitlements"; sourceTree = "<group>"; };
		0A87AACB2376BFE8005B7D64 /* LKItemSelect.h */ = {isa = PBXFileReference; fileEncoding = 4; lastKnownFileType = sourcecode.c.h; path = LKItemSelect.h; sourceTree = "<group>"; };
		0A87AACC2376BFE8005B7D64 /* LKItemSelect.m */ = {isa = PBXFileReference; fileEncoding = 4; lastKnownFileType = sourcecode.c.objc; path = LKItemSelect.m; sourceTree = "<group>"; };
		0A8820C8236137F70080D580 /* LightLKButton.h */ = {isa = PBXFileReference; lastKnownFileType = sourcecode.c.h; path = LightLKButton.h; sourceTree = "<group>"; };
		0A8820C9236137F70080D580 /* LightLKButton.m */ = {isa = PBXFileReference; lastKnownFileType = sourcecode.c.objc; path = LightLKButton.m; sourceTree = "<group>"; };
		0A8820CB2361380B0080D580 /* LightLKButton.xib */ = {isa = PBXFileReference; lastKnownFileType = file.xib; path = LightLKButton.xib; sourceTree = "<group>"; };
		0A8820CE236139B40080D580 /* DeepLKButton.h */ = {isa = PBXFileReference; lastKnownFileType = sourcecode.c.h; path = DeepLKButton.h; sourceTree = "<group>"; };
		0A8820CF236139B40080D580 /* DeepLKButton.m */ = {isa = PBXFileReference; lastKnownFileType = sourcecode.c.objc; path = DeepLKButton.m; sourceTree = "<group>"; };
		0A8820D1236139BE0080D580 /* DeepLKButton.xib */ = {isa = PBXFileReference; lastKnownFileType = file.xib; path = DeepLKButton.xib; sourceTree = "<group>"; };
		0A8D81F02357F23E00CCE615 /* TreeChart.h */ = {isa = PBXFileReference; lastKnownFileType = sourcecode.c.h; path = TreeChart.h; sourceTree = "<group>"; };
		0A8D81F12357F23E00CCE615 /* TreeChart.m */ = {isa = PBXFileReference; lastKnownFileType = sourcecode.c.objc; path = TreeChart.m; sourceTree = "<group>"; };
		0A8DF3D2231FBD00003B7DD6 /* TabbarPage.h */ = {isa = PBXFileReference; lastKnownFileType = sourcecode.c.h; path = TabbarPage.h; sourceTree = "<group>"; };
		0A8DF3D3231FBD00003B7DD6 /* TabbarPage.m */ = {isa = PBXFileReference; lastKnownFileType = sourcecode.c.objc; path = TabbarPage.m; sourceTree = "<group>"; };
		0A972BB7231F44CA00DBC599 /* NetValue.h */ = {isa = PBXFileReference; lastKnownFileType = sourcecode.c.h; path = NetValue.h; sourceTree = "<group>"; };
		0A972BB8231F44CA00DBC599 /* NetValue.m */ = {isa = PBXFileReference; lastKnownFileType = sourcecode.c.objc; path = NetValue.m; sourceTree = "<group>"; };
		0A972BBA231F471200DBC599 /* DefineDoc.h */ = {isa = PBXFileReference; lastKnownFileType = sourcecode.c.h; path = DefineDoc.h; sourceTree = "<group>"; };
		0A972BC0231F906F00DBC599 /* ImageDefine.h */ = {isa = PBXFileReference; lastKnownFileType = sourcecode.c.h; path = ImageDefine.h; sourceTree = "<group>"; };
		0A9D8076237026E700ED80B1 /* UserInfoProtocolPage.h */ = {isa = PBXFileReference; lastKnownFileType = sourcecode.c.h; path = UserInfoProtocolPage.h; sourceTree = "<group>"; };
		0A9D8077237026E700ED80B1 /* UserInfoProtocolPage.m */ = {isa = PBXFileReference; lastKnownFileType = sourcecode.c.objc; path = UserInfoProtocolPage.m; sourceTree = "<group>"; };
		0A9DE396237BDC15002544D4 /* TableFootView.xib */ = {isa = PBXFileReference; lastKnownFileType = file.xib; path = TableFootView.xib; sourceTree = "<group>"; };
		0AA9985C231E03A600877690 /* 立刷掌柜.app */ = {isa = PBXFileReference; explicitFileType = wrapper.application; includeInIndex = 0; path = "立刷掌柜.app"; sourceTree = BUILT_PRODUCTS_DIR; };
		0AA9985F231E03A600877690 /* AppDelegate.h */ = {isa = PBXFileReference; lastKnownFileType = sourcecode.c.h; path = AppDelegate.h; sourceTree = "<group>"; };
		0AA99860231E03A600877690 /* AppDelegate.m */ = {isa = PBXFileReference; lastKnownFileType = sourcecode.c.objc; path = AppDelegate.m; sourceTree = "<group>"; };
		0AA99862231E03A600877690 /* ViewController.h */ = {isa = PBXFileReference; lastKnownFileType = sourcecode.c.h; path = ViewController.h; sourceTree = "<group>"; };
		0AA99863231E03A600877690 /* ViewController.m */ = {isa = PBXFileReference; lastKnownFileType = sourcecode.c.objc; path = ViewController.m; sourceTree = "<group>"; };
		0AA99868231E03A900877690 /* Assets.xcassets */ = {isa = PBXFileReference; lastKnownFileType = folder.assetcatalog; path = Assets.xcassets; sourceTree = "<group>"; };
		0AA9986B231E03A900877690 /* Base */ = {isa = PBXFileReference; lastKnownFileType = file.storyboard; name = Base; path = Base.lproj/LaunchScreen.storyboard; sourceTree = "<group>"; };
		0AA9986D231E03A900877690 /* Info.plist */ = {isa = PBXFileReference; lastKnownFileType = text.plist.xml; path = Info.plist; sourceTree = "<group>"; };
		0AA9986E231E03A900877690 /* main.m */ = {isa = PBXFileReference; lastKnownFileType = sourcecode.c.objc; path = main.m; sourceTree = "<group>"; };
		0AA99877231E03F900877690 /* PrefixHeader.pch */ = {isa = PBXFileReference; lastKnownFileType = sourcecode.c.h; path = PrefixHeader.pch; sourceTree = "<group>"; };
		0AA99879231E081400877690 /* NavigationPage.h */ = {isa = PBXFileReference; fileEncoding = 4; lastKnownFileType = sourcecode.c.h; path = NavigationPage.h; sourceTree = "<group>"; };
		0AA9987A231E081400877690 /* NavigationPage.m */ = {isa = PBXFileReference; fileEncoding = 4; lastKnownFileType = sourcecode.c.objc; path = NavigationPage.m; sourceTree = "<group>"; };
		0AA9987D231E0D7E00877690 /* AppInitUtils.h */ = {isa = PBXFileReference; lastKnownFileType = sourcecode.c.h; path = AppInitUtils.h; sourceTree = "<group>"; };
		0AA9987E231E0D7E00877690 /* AppInitUtils.m */ = {isa = PBXFileReference; lastKnownFileType = sourcecode.c.objc; path = AppInitUtils.m; sourceTree = "<group>"; };
		0AA99882231E106600877690 /* UIColor+TFT.m */ = {isa = PBXFileReference; fileEncoding = 4; lastKnownFileType = sourcecode.c.objc; path = "UIColor+TFT.m"; sourceTree = "<group>"; };
		0AA99883231E106600877690 /* UIColor+TFT.h */ = {isa = PBXFileReference; fileEncoding = 4; lastKnownFileType = sourcecode.c.h; path = "UIColor+TFT.h"; sourceTree = "<group>"; };
		0AA99885231E111C00877690 /* LKColor.h */ = {isa = PBXFileReference; lastKnownFileType = sourcecode.c.h; path = LKColor.h; sourceTree = "<group>"; };
		0AA99888231E19D200877690 /* LKViewFormat.h */ = {isa = PBXFileReference; lastKnownFileType = sourcecode.c.h; path = LKViewFormat.h; sourceTree = "<group>"; };
		0AA99889231E19FB00877690 /* UIView+Extension.h */ = {isa = PBXFileReference; fileEncoding = 4; lastKnownFileType = sourcecode.c.h; path = "UIView+Extension.h"; sourceTree = "<group>"; };
		0AA9988A231E19FB00877690 /* UIView+Extension.m */ = {isa = PBXFileReference; fileEncoding = 4; lastKnownFileType = sourcecode.c.objc; path = "UIView+Extension.m"; sourceTree = "<group>"; };
		0AA9988D231E3A0A00877690 /* Page.h */ = {isa = PBXFileReference; lastKnownFileType = sourcecode.c.h; path = Page.h; sourceTree = "<group>"; };
		0AA9988E231E3A0A00877690 /* Page.m */ = {isa = PBXFileReference; lastKnownFileType = sourcecode.c.objc; path = Page.m; sourceTree = "<group>"; };
		0AA99890231E4FCF00877690 /* TablePage.h */ = {isa = PBXFileReference; lastKnownFileType = sourcecode.c.h; path = TablePage.h; sourceTree = "<group>"; };
		0AA99891231E4FCF00877690 /* TablePage.m */ = {isa = PBXFileReference; lastKnownFileType = sourcecode.c.objc; path = TablePage.m; sourceTree = "<group>"; };
		0AA99894231E5B8D00877690 /* NetWork.h */ = {isa = PBXFileReference; lastKnownFileType = sourcecode.c.h; path = NetWork.h; sourceTree = "<group>"; };
		0AA99895231E5B8D00877690 /* NetWork.m */ = {isa = PBXFileReference; lastKnownFileType = sourcecode.c.objc; path = NetWork.m; sourceTree = "<group>"; };
		0AA99898231E5CD100877690 /* LKLoadingView.h */ = {isa = PBXFileReference; fileEncoding = 4; lastKnownFileType = sourcecode.c.h; path = LKLoadingView.h; sourceTree = "<group>"; };
		0AA99899231E5CD100877690 /* LKLoadingView.m */ = {isa = PBXFileReference; fileEncoding = 4; lastKnownFileType = sourcecode.c.objc; path = LKLoadingView.m; sourceTree = "<group>"; };
		0AA9989B231E629600877690 /* NetAPI.h */ = {isa = PBXFileReference; lastKnownFileType = sourcecode.c.h; path = NetAPI.h; sourceTree = "<group>"; };
		0AA9989E231E691300877690 /* JSONData.h */ = {isa = PBXFileReference; lastKnownFileType = sourcecode.c.h; path = JSONData.h; sourceTree = "<group>"; };
		0AB22FF02320B126001498FF /* LKNav.h */ = {isa = PBXFileReference; lastKnownFileType = sourcecode.c.h; path = LKNav.h; sourceTree = "<group>"; };
		0AB22FF12320B126001498FF /* LKNav.m */ = {isa = PBXFileReference; lastKnownFileType = sourcecode.c.objc; path = LKNav.m; sourceTree = "<group>"; };
		0AB22FF72320B846001498FF /* TableProtocol.h */ = {isa = PBXFileReference; lastKnownFileType = sourcecode.c.h; path = TableProtocol.h; sourceTree = "<group>"; };
		0AB22FF82320B846001498FF /* TableProtocol.m */ = {isa = PBXFileReference; lastKnownFileType = sourcecode.c.objc; path = TableProtocol.m; sourceTree = "<group>"; };
		0AB22FFA2320C9CD001498FF /* ViewControllerTableProtocol.h */ = {isa = PBXFileReference; lastKnownFileType = sourcecode.c.h; path = ViewControllerTableProtocol.h; sourceTree = "<group>"; };
		0AB22FFB2320C9CD001498FF /* ViewControllerTableProtocol.m */ = {isa = PBXFileReference; lastKnownFileType = sourcecode.c.objc; path = ViewControllerTableProtocol.m; sourceTree = "<group>"; };
		0AB230062320E648001498FF /* VCViewModel.h */ = {isa = PBXFileReference; lastKnownFileType = sourcecode.c.h; path = VCViewModel.h; sourceTree = "<group>"; };
		0AB230072320E648001498FF /* VCViewModel.m */ = {isa = PBXFileReference; lastKnownFileType = sourcecode.c.objc; path = VCViewModel.m; sourceTree = "<group>"; };
		0ABAC82A2328F5570032CD5D /* LKButton.h */ = {isa = PBXFileReference; lastKnownFileType = sourcecode.c.h; path = LKButton.h; sourceTree = "<group>"; };
		0ABAC82B2328F5570032CD5D /* LKButton.m */ = {isa = PBXFileReference; lastKnownFileType = sourcecode.c.objc; path = LKButton.m; sourceTree = "<group>"; };
		0ABFD2F323603BBF00E9D470 /* BottomView.h */ = {isa = PBXFileReference; lastKnownFileType = sourcecode.c.h; path = BottomView.h; sourceTree = "<group>"; };
		0ABFD2F423603BBF00E9D470 /* BottomView.m */ = {isa = PBXFileReference; lastKnownFileType = sourcecode.c.objc; path = BottomView.m; sourceTree = "<group>"; };
		0ABFD2F623603BC800E9D470 /* BottomView.xib */ = {isa = PBXFileReference; lastKnownFileType = file.xib; path = BottomView.xib; sourceTree = "<group>"; };
		0AC449F6235EB5E300D6989B /* LKClickView.h */ = {isa = PBXFileReference; lastKnownFileType = sourcecode.c.h; path = LKClickView.h; sourceTree = "<group>"; };
		0AC449F7235EB5E300D6989B /* LKClickView.m */ = {isa = PBXFileReference; lastKnownFileType = sourcecode.c.objc; path = LKClickView.m; sourceTree = "<group>"; };
		0AC76A4F237CF0EF00A30393 /* PasswordPage.h */ = {isa = PBXFileReference; lastKnownFileType = sourcecode.c.h; path = PasswordPage.h; sourceTree = "<group>"; };
		0AC76A50237CF0EF00A30393 /* PasswordPage.m */ = {isa = PBXFileReference; lastKnownFileType = sourcecode.c.objc; path = PasswordPage.m; sourceTree = "<group>"; };
		0AC973E3234D87C4007FCF56 /* LKRollView.m */ = {isa = PBXFileReference; fileEncoding = 4; lastKnownFileType = sourcecode.c.objc; path = LKRollView.m; sourceTree = "<group>"; };
		0AC973E4234D87C4007FCF56 /* LKRollView.h */ = {isa = PBXFileReference; fileEncoding = 4; lastKnownFileType = sourcecode.c.h; path = LKRollView.h; sourceTree = "<group>"; };
		0AC973E7234DB074007FCF56 /* LKSwiper.h */ = {isa = PBXFileReference; lastKnownFileType = sourcecode.c.h; path = LKSwiper.h; sourceTree = "<group>"; };
		0AC973E8234DB074007FCF56 /* LKSwiper.m */ = {isa = PBXFileReference; lastKnownFileType = sourcecode.c.objc; path = LKSwiper.m; sourceTree = "<group>"; };
		0ACB58AC23922E1D0066613A /* UIViewController+POP.h */ = {isa = PBXFileReference; lastKnownFileType = sourcecode.c.h; path = "UIViewController+POP.h"; sourceTree = "<group>"; };
		0ACB58AD23922E1D0066613A /* UIViewController+POP.m */ = {isa = PBXFileReference; lastKnownFileType = sourcecode.c.objc; path = "UIViewController+POP.m"; sourceTree = "<group>"; };
		0ACFB0F92329F142008B031F /* Regex.h */ = {isa = PBXFileReference; lastKnownFileType = sourcecode.c.h; path = Regex.h; sourceTree = "<group>"; };
		0ACFB0FB232A3942008B031F /* UserLoginInfo.h */ = {isa = PBXFileReference; lastKnownFileType = sourcecode.c.h; path = UserLoginInfo.h; sourceTree = "<group>"; };
		0ACFB0FC232A3942008B031F /* UserLoginInfo.m */ = {isa = PBXFileReference; lastKnownFileType = sourcecode.c.objc; path = UserLoginInfo.m; sourceTree = "<group>"; };
		0AD8950523877F8B007FECB1 /* LCQRCodeUtil.h */ = {isa = PBXFileReference; fileEncoding = 4; lastKnownFileType = sourcecode.c.h; path = LCQRCodeUtil.h; sourceTree = "<group>"; };
		0AD8950623877F8B007FECB1 /* LCQRCodeUtil.m */ = {isa = PBXFileReference; fileEncoding = 4; lastKnownFileType = sourcecode.c.objc; path = LCQRCodeUtil.m; sourceTree = "<group>"; };
		0ADB88D32322335C00605F48 /* PushPage.h */ = {isa = PBXFileReference; lastKnownFileType = sourcecode.c.h; path = PushPage.h; sourceTree = "<group>"; };
		0ADB88D42322335C00605F48 /* PushPage.m */ = {isa = PBXFileReference; lastKnownFileType = sourcecode.c.objc; path = PushPage.m; sourceTree = "<group>"; };
		0ADB88D72322411F00605F48 /* Func.h */ = {isa = PBXFileReference; lastKnownFileType = sourcecode.c.h; path = Func.h; sourceTree = "<group>"; };
		0ADB88D82322411F00605F48 /* Func.m */ = {isa = PBXFileReference; lastKnownFileType = sourcecode.c.objc; path = Func.m; sourceTree = "<group>"; };
		0ADFE6EE23710B9F00C336A7 /* SuccessPage.h */ = {isa = PBXFileReference; lastKnownFileType = sourcecode.c.h; path = SuccessPage.h; sourceTree = "<group>"; };
		0ADFE6EF23710B9F00C336A7 /* SuccessPage.m */ = {isa = PBXFileReference; lastKnownFileType = sourcecode.c.objc; path = SuccessPage.m; sourceTree = "<group>"; };
		0ADFE6F123710BC200C336A7 /* SuccessView.xib */ = {isa = PBXFileReference; lastKnownFileType = file.xib; path = SuccessView.xib; sourceTree = "<group>"; };
		0ADFE6FA2371514C00C336A7 /* PwdView.h */ = {isa = PBXFileReference; lastKnownFileType = sourcecode.c.h; path = PwdView.h; sourceTree = "<group>"; };
		0ADFE6FB2371514C00C336A7 /* PwdView.m */ = {isa = PBXFileReference; lastKnownFileType = sourcecode.c.objc; path = PwdView.m; sourceTree = "<group>"; };
		0AE56F1F235D943600CA8BF8 /* ColorDefine.h */ = {isa = PBXFileReference; lastKnownFileType = sourcecode.c.h; path = ColorDefine.h; sourceTree = "<group>"; };
		0AEA6CFB232F6A8100458545 /* RSA.h */ = {isa = PBXFileReference; lastKnownFileType = sourcecode.c.h; path = RSA.h; sourceTree = "<group>"; };
		0AEA6CFC232F6A8100458545 /* RSA.m */ = {isa = PBXFileReference; lastKnownFileType = sourcecode.c.objc; path = RSA.m; sourceTree = "<group>"; };
		0AF968F5237E48F400C40C6B /* LKStepPage.h */ = {isa = PBXFileReference; lastKnownFileType = sourcecode.c.h; path = LKStepPage.h; sourceTree = "<group>"; };
		0AF968F6237E48F400C40C6B /* LKStepPage.m */ = {isa = PBXFileReference; lastKnownFileType = sourcecode.c.objc; path = LKStepPage.m; sourceTree = "<group>"; };
		0AFBF199232207D30004EE4E /* NSDate+DateFormat.h */ = {isa = PBXFileReference; fileEncoding = 4; lastKnownFileType = sourcecode.c.h; path = "NSDate+DateFormat.h"; sourceTree = "<group>"; };
		0AFBF19A232207D30004EE4E /* NSString+DateFormat.h */ = {isa = PBXFileReference; fileEncoding = 4; lastKnownFileType = sourcecode.c.h; path = "NSString+DateFormat.h"; sourceTree = "<group>"; };
		0AFBF19B232207D30004EE4E /* DateFormat.h */ = {isa = PBXFileReference; fileEncoding = 4; lastKnownFileType = sourcecode.c.h; path = DateFormat.h; sourceTree = "<group>"; };
		0AFBF19C232207D30004EE4E /* NSDateComponents+DateFormat.h */ = {isa = PBXFileReference; fileEncoding = 4; lastKnownFileType = sourcecode.c.h; path = "NSDateComponents+DateFormat.h"; sourceTree = "<group>"; };
		0AFBF19D232207D30004EE4E /* NSString+DateFormat.m */ = {isa = PBXFileReference; fileEncoding = 4; lastKnownFileType = sourcecode.c.objc; path = "NSString+DateFormat.m"; sourceTree = "<group>"; };
		0AFBF19E232207D30004EE4E /* NSDate+DateFormat.m */ = {isa = PBXFileReference; fileEncoding = 4; lastKnownFileType = sourcecode.c.objc; path = "NSDate+DateFormat.m"; sourceTree = "<group>"; };
		0AFBF19F232207D30004EE4E /* NSDateComponents+DateFormat.m */ = {isa = PBXFileReference; fileEncoding = 4; lastKnownFileType = sourcecode.c.objc; path = "NSDateComponents+DateFormat.m"; sourceTree = "<group>"; };
		0AFC903D2373C86F00A45FB0 /* WebPage.h */ = {isa = PBXFileReference; lastKnownFileType = sourcecode.c.h; path = WebPage.h; sourceTree = "<group>"; };
		0AFC903E2373C86F00A45FB0 /* WebPage.m */ = {isa = PBXFileReference; lastKnownFileType = sourcecode.c.objc; path = WebPage.m; sourceTree = "<group>"; };
		0AFC90582373CECC00A45FB0 /* h5 */ = {isa = PBXFileReference; lastKnownFileType = folder; path = h5; sourceTree = "<group>"; };
		0AFC905A2373EBD100A45FB0 /* JsFuncModel.h */ = {isa = PBXFileReference; lastKnownFileType = sourcecode.c.h; path = JsFuncModel.h; sourceTree = "<group>"; };
		0AFC905B2373EBD100A45FB0 /* JsFuncModel.m */ = {isa = PBXFileReference; lastKnownFileType = sourcecode.c.objc; path = JsFuncModel.m; sourceTree = "<group>"; };
		3BE283549D81A12AC2B9F8A7 /* Pods-runner.debug.xcconfig */ = {isa = PBXFileReference; includeInIndex = 1; lastKnownFileType = text.xcconfig; name = "Pods-runner.debug.xcconfig"; path = "Target Support Files/Pods-runner/Pods-runner.debug.xcconfig"; sourceTree = "<group>"; };
		74B429156165080383452151 /* Pods-runner.release.xcconfig */ = {isa = PBXFileReference; includeInIndex = 1; lastKnownFileType = text.xcconfig; name = "Pods-runner.release.xcconfig"; path = "Target Support Files/Pods-runner/Pods-runner.release.xcconfig"; sourceTree = "<group>"; };
		7858436795A439F114890765 /* libPods-runner.a */ = {isa = PBXFileReference; explicitFileType = archive.ar; includeInIndex = 0; path = "libPods-runner.a"; sourceTree = BUILT_PRODUCTS_DIR; };
/* End PBXFileReference section */

/* Begin PBXFrameworksBuildPhase section */
		0AA99859231E03A600877690 /* Frameworks */ = {
			isa = PBXFrameworksBuildPhase;
			buildActionMask = 2147483647;
			files = (
				3F4D441292B5D299140369DF /* libPods-runner.a in Frameworks */,
			);
			runOnlyForDeploymentPostprocessing = 0;
		};
/* End PBXFrameworksBuildPhase section */

/* Begin PBXGroup section */
		0A28D858237A4DCC0030CB4C /* pushCell */ = {
			isa = PBXGroup;
			children = (
				0A28D859237A4DE50030CB4C /* PushCell.h */,
				0A28D85A237A4DE50030CB4C /* PushCell.m */,
				0A28D85B237A4DE50030CB4C /* PushCell.xib */,
			);
			path = pushCell;
			sourceTree = "<group>";
		};
		0A3684CA234ED7950091DCFC /* chart */ = {
			isa = PBXGroup;
			children = (
				0A3684D2234EDD1E0091DCFC /* Chart.h */,
				0A3684EC234EDDD10091DCFC /* UICountingLabel.h */,
				0A3684ED234EDDD10091DCFC /* UICountingLabel.m */,
				0A3684D4234EDD1F0091DCFC /* CircleChart.h */,
				0A3684D6234EDD1F0091DCFC /* CircleChart.m */,
				0A3684F2234F01340091DCFC /* LineChart.h */,
				0A3684F3234F01340091DCFC /* LineChart.m */,
				0A3684D8234EDD1F0091DCFC /* LineChartData.h */,
				0A3684D1234EDD1E0091DCFC /* LineChartData.m */,
				0A3684D9234EDD1F0091DCFC /* RadarChart.h */,
				0A3684DA234EDD1F0091DCFC /* RadarChart.m */,
				0A3684D3234EDD1F0091DCFC /* RadarChartDataItem.h */,
				0A3684D0234EDD1E0091DCFC /* RadarChartDataItem.m */,
				0A71C1B823501608009AD0A2 /* HistogramChart.h */,
				0A71C1B923501608009AD0A2 /* HistogramChart.m */,
				0A8D81F02357F23E00CCE615 /* TreeChart.h */,
				0A8D81F12357F23E00CCE615 /* TreeChart.m */,
			);
			path = chart;
			sourceTree = "<group>";
		};
		0A3684F5234F23290091DCFC /* tabbar */ = {
			isa = PBXGroup;
			children = (
				0A8DF3D2231FBD00003B7DD6 /* TabbarPage.h */,
				0A8DF3D3231FBD00003B7DD6 /* TabbarPage.m */,
			);
			path = tabbar;
			sourceTree = "<group>";
		};
		0A3684F6234F23400091DCFC /* pageDefault */ = {
			isa = PBXGroup;
			children = (
				0A3684F7234F23680091DCFC /* PageDefault.h */,
				0A3684F8234F23680091DCFC /* PageDefault.m */,
				0A3684FA234F23EF0091DCFC /* PageDefaultTableProtocol.h */,
				0A3684FB234F23EF0091DCFC /* PageDefaultTableProtocol.m */,
			);
			path = pageDefault;
			sourceTree = "<group>";
		};
		0A368501234F39AE0091DCFC /* chart */ = {
			isa = PBXGroup;
			children = (
				0AB22FF32320B67E001498FF /* ViewController */,
				0A368502234F39BC0091DCFC /* animationImageView */,
			);
			path = chart;
			sourceTree = "<group>";
		};
		0A368502234F39BC0091DCFC /* animationImageView */ = {
			isa = PBXGroup;
			children = (
				0A368503234F3A050091DCFC /* AnimationImageView.h */,
				0A368504234F3A050091DCFC /* AnimationImageView.m */,
			);
			path = animationImageView;
			sourceTree = "<group>";
		};
		0A4666CF238229A2004B780E /* customHistogram */ = {
			isa = PBXGroup;
			children = (
				0A4666CC2382296E004B780E /* CustomHistogram.h */,
				0A4666CD2382296E004B780E /* CustomHistogram.m */,
				0A02880E2373AFFD004C39E9 /* ColumnView.h */,
				0A02880F2373AFFD004C39E9 /* ColumnView.m */,
			);
			path = customHistogram;
			sourceTree = "<group>";
		};
		0A5D908A236192C3004E2A45 /* LKAddressPicker */ = {
			isa = PBXGroup;
			children = (
				0A5D908B236192D5004E2A45 /* area.plist */,
				0A5D9095236192D5004E2A45 /* LKAddressModel.h */,
				0A5D9090236192D5004E2A45 /* LKAddressModel.m */,
				0A5D908E236192D5004E2A45 /* LKAddressPickerPresentAnimated.h */,
				0A5D908D236192D5004E2A45 /* LKAddressPickerPresentAnimated.m */,
				0A5D9094236192D5004E2A45 /* LKAddressPickerView.h */,
				0A5D9093236192D5004E2A45 /* LKAddressPickerView.m */,
				0A5D908F236192D5004E2A45 /* LKAddressPickViewTableViewCell.h */,
				0A5D9091236192D5004E2A45 /* LKAddressPickViewTableViewCell.m */,
				0A5D908C236192D5004E2A45 /* LKAddressViewController.h */,
				0A5D9092236192D5004E2A45 /* LKAddressViewController.m */,
			);
			path = LKAddressPicker;
			sourceTree = "<group>";
		};
		0A656BDD238BD4840035BC71 /* LCQRCodeUtil */ = {
			isa = PBXGroup;
			children = (
				0AD8950523877F8B007FECB1 /* LCQRCodeUtil.h */,
				0AD8950623877F8B007FECB1 /* LCQRCodeUtil.m */,
			);
			path = LCQRCodeUtil;
			sourceTree = "<group>";
		};
		0A656BDE238BD4960035BC71 /* LKAlertView */ = {
			isa = PBXGroup;
			children = (
				0A656BDA238BD47E0035BC71 /* LKAlertView.h */,
				0A656BDB238BD47E0035BC71 /* LKAlertView.m */,
			);
			path = LKAlertView;
			sourceTree = "<group>";
		};
		0A66C29F23279FC80061F3D5 /* countDown */ = {
			isa = PBXGroup;
			children = (
				0A5FEB142327883F00866C91 /* LKCountDown.h */,
				0A5FEB152327883F00866C91 /* LKCountDown.m */,
			);
			path = countDown;
			sourceTree = "<group>";
		};
		0A6729902328E53D00183EBF /* button */ = {
			isa = PBXGroup;
			children = (
				0ABAC82A2328F5570032CD5D /* LKButton.h */,
				0ABAC82B2328F5570032CD5D /* LKButton.m */,
			);
			path = button;
			sourceTree = "<group>";
		};
		0A87AACE2376C2A7005B7D64 /* LKItemSelect */ = {
			isa = PBXGroup;
			children = (
				0A87AACB2376BFE8005B7D64 /* LKItemSelect.h */,
				0A87AACC2376BFE8005B7D64 /* LKItemSelect.m */,
			);
			path = LKItemSelect;
			sourceTree = "<group>";
		};
		0A8820C7236137CB0080D580 /* lightButton */ = {
			isa = PBXGroup;
			children = (
				0A8820C8236137F70080D580 /* LightLKButton.h */,
				0A8820C9236137F70080D580 /* LightLKButton.m */,
				0A8820CB2361380B0080D580 /* LightLKButton.xib */,
			);
			path = lightButton;
			sourceTree = "<group>";
		};
		0A8820CD2361399C0080D580 /* deepButton */ = {
			isa = PBXGroup;
			children = (
				0A8820CE236139B40080D580 /* DeepLKButton.h */,
				0A8820CF236139B40080D580 /* DeepLKButton.m */,
				0A8820D1236139BE0080D580 /* DeepLKButton.xib */,
			);
			path = deepButton;
			sourceTree = "<group>";
		};
		0A972BBF231F903F00DBC599 /* image */ = {
			isa = PBXGroup;
			children = (
				0A972BC0231F906F00DBC599 /* ImageDefine.h */,
			);
			path = image;
			sourceTree = "<group>";
		};
		0A972BC4231FA20000DBC599 /* tableProtocol */ = {
			isa = PBXGroup;
			children = (
				0AB22FF72320B846001498FF /* TableProtocol.h */,
				0AB22FF82320B846001498FF /* TableProtocol.m */,
			);
			path = tableProtocol;
			sourceTree = "<group>";
		};
		0A9DE395237BDC00002544D4 /* tableFoot */ = {
			isa = PBXGroup;
			children = (
				0A9DE396237BDC15002544D4 /* TableFootView.xib */,
			);
			path = tableFoot;
			sourceTree = "<group>";
		};
		0AA99853231E03A600877690 = {
			isa = PBXGroup;
			children = (
				0AFC90582373CECC00A45FB0 /* h5 */,
				0AA99878231E07C200877690 /* base */,
				0AA9987C231E0D5400877690 /* manager */,
				0ABFD2D4235FFFAB00E9D470 /* current */,
				0A3684F5234F23290091DCFC /* tabbar */,
				0AA99876231E03DD00877690 /* src */,
				0AA99875231E03D100877690 /* appDelegate */,
				0AA9985E231E03A600877690 /* runner */,
				0AA9985D231E03A600877690 /* Products */,
				A11BCBEDC325C8D3EC7A0A5F /* Pods */,
				647E1A19C273CB6708C9442A /* Frameworks */,
			);
			sourceTree = "<group>";
		};
		0AA9985D231E03A600877690 /* Products */ = {
			isa = PBXGroup;
			children = (
				0AA9985C231E03A600877690 /* 立刷掌柜.app */,
			);
			name = Products;
			sourceTree = "<group>";
		};
		0AA9985E231E03A600877690 /* runner */ = {
			isa = PBXGroup;
			children = (
				0A82531A2394BDF80089A5EB /* 立刷掌柜Release.entitlements */,
				0AA99868231E03A900877690 /* Assets.xcassets */,
				0AA9986A231E03A900877690 /* LaunchScreen.storyboard */,
				0AA9986D231E03A900877690 /* Info.plist */,
				0AA9986E231E03A900877690 /* main.m */,
				0AA99877231E03F900877690 /* PrefixHeader.pch */,
			);
			path = runner;
			sourceTree = "<group>";
		};
		0AA99875231E03D100877690 /* appDelegate */ = {
			isa = PBXGroup;
			children = (
				0AA9985F231E03A600877690 /* AppDelegate.h */,
				0AA99860231E03A600877690 /* AppDelegate.m */,
			);
			path = appDelegate;
			sourceTree = "<group>";
		};
		0AA99876231E03DD00877690 /* src */ = {
			isa = PBXGroup;
			children = (
				0A3684F6234F23400091DCFC /* pageDefault */,
				0ADB88D22322332C00605F48 /* pushPage */,
				0A368501234F39AE0091DCFC /* chart */,
			);
			path = src;
			sourceTree = "<group>";
		};
		0AA99878231E07C200877690 /* base */ = {
			isa = PBXGroup;
			children = (
				0A656BDE238BD4960035BC71 /* LKAlertView */,
				0A656BDD238BD4840035BC71 /* LCQRCodeUtil */,
				0AF968F4237E48B300C40C6B /* LKStepPage */,
				0A87AACE2376C2A7005B7D64 /* LKItemSelect */,
				0A5D908A236192C3004E2A45 /* LKAddressPicker */,
				0AC449F9235EB5EA00D6989B /* LKClickView */,
				0A3684CA234ED7950091DCFC /* chart */,
				0AC973E2234D87A7007FCF56 /* rollView */,
				0AC973E6234DB045007FCF56 /* swiper */,
				0AEA6CFA232F6A6D00458545 /* RSA */,
				0A6729902328E53D00183EBF /* button */,
				0A66C29F23279FC80061F3D5 /* countDown */,
				0AA99897231E5CC100877690 /* loading */,
				0AA99887231E196200877690 /* view */,
				0AA99881231E0FC600877690 /* color */,
				0AA99880231E0FA700877690 /* navigation */,
				0AB22FEF2320B10D001498FF /* nav */,
				0AA9988C231E39DB00877690 /* page */,
				0A972BC4231FA20000DBC599 /* tableProtocol */,
				0ACB58AC23922E1D0066613A /* UIViewController+POP.h */,
				0ACB58AD23922E1D0066613A /* UIViewController+POP.m */,
			);
			path = base;
			sourceTree = "<group>";
		};
		0AA9987C231E0D5400877690 /* manager */ = {
			isa = PBXGroup;
			children = (
				0AE56F1E235D941900CA8BF8 /* define */,
				0ACFB0FA232A391A008B031F /* user */,
				0AA99886231E11FE00877690 /* appInitUtils */,
				0AA99893231E5B1900877690 /* netWork */,
				0AFBF18B2321FD830004EE4E /* dateFormat */,
				0ADB88D6232240BC00605F48 /* util */,
				0A972BBF231F903F00DBC599 /* image */,
			);
			path = manager;
			sourceTree = "<group>";
		};
		0AA99880231E0FA700877690 /* navigation */ = {
			isa = PBXGroup;
			children = (
				0AA99879231E081400877690 /* NavigationPage.h */,
				0AA9987A231E081400877690 /* NavigationPage.m */,
			);
			path = navigation;
			sourceTree = "<group>";
		};
		0AA99881231E0FC600877690 /* color */ = {
			isa = PBXGroup;
			children = (
				0AA99885231E111C00877690 /* LKColor.h */,
				0AA99883231E106600877690 /* UIColor+TFT.h */,
				0AA99882231E106600877690 /* UIColor+TFT.m */,
			);
			path = color;
			sourceTree = "<group>";
		};
		0AA99886231E11FE00877690 /* appInitUtils */ = {
			isa = PBXGroup;
			children = (
				0AA9987D231E0D7E00877690 /* AppInitUtils.h */,
				0AA9987E231E0D7E00877690 /* AppInitUtils.m */,
			);
			path = appInitUtils;
			sourceTree = "<group>";
		};
		0AA99887231E196200877690 /* view */ = {
			isa = PBXGroup;
			children = (
				0AA99888231E19D200877690 /* LKViewFormat.h */,
				0AA99889231E19FB00877690 /* UIView+Extension.h */,
				0AA9988A231E19FB00877690 /* UIView+Extension.m */,
			);
			path = view;
			sourceTree = "<group>";
		};
		0AA9988C231E39DB00877690 /* page */ = {
			isa = PBXGroup;
			children = (
				0AA9988D231E3A0A00877690 /* Page.h */,
				0AA9988E231E3A0A00877690 /* Page.m */,
				0AA99890231E4FCF00877690 /* TablePage.h */,
				0AA99891231E4FCF00877690 /* TablePage.m */,
				0AFC903D2373C86F00A45FB0 /* WebPage.h */,
				0AFC903E2373C86F00A45FB0 /* WebPage.m */,
				0AFC905A2373EBD100A45FB0 /* JsFuncModel.h */,
				0AFC905B2373EBD100A45FB0 /* JsFuncModel.m */,
			);
			path = page;
			sourceTree = "<group>";
		};
		0AA99893231E5B1900877690 /* netWork */ = {
			isa = PBXGroup;
			children = (
				0AA9989B231E629600877690 /* NetAPI.h */,
				0A972BB7231F44CA00DBC599 /* NetValue.h */,
				0A972BB8231F44CA00DBC599 /* NetValue.m */,
				0AA99894231E5B8D00877690 /* NetWork.h */,
				0AA99895231E5B8D00877690 /* NetWork.m */,
			);
			path = netWork;
			sourceTree = "<group>";
		};
		0AA99897231E5CC100877690 /* loading */ = {
			isa = PBXGroup;
			children = (
				0AA99898231E5CD100877690 /* LKLoadingView.h */,
				0AA99899231E5CD100877690 /* LKLoadingView.m */,
			);
			path = loading;
			sourceTree = "<group>";
		};
		0AB22FEF2320B10D001498FF /* nav */ = {
			isa = PBXGroup;
			children = (
				0AB22FF02320B126001498FF /* LKNav.h */,
				0AB22FF12320B126001498FF /* LKNav.m */,
			);
			path = nav;
			sourceTree = "<group>";
		};
		0AB22FF32320B67E001498FF /* ViewController */ = {
			isa = PBXGroup;
			children = (
				0AB22FFD2320DCEF001498FF /* controller */,
				0AB22FFE2320DD7E001498FF /* model */,
				0AB230002320DD8A001498FF /* view */,
				0AB230022320E5C1001498FF /* viewModel */,
				0AB230012320E441001498FF /* manager */,
			);
			path = ViewController;
			sourceTree = "<group>";
		};
		0AB22FFD2320DCEF001498FF /* controller */ = {
			isa = PBXGroup;
			children = (
				0AA99862231E03A600877690 /* ViewController.h */,
				0AA99863231E03A600877690 /* ViewController.m */,
			);
			path = controller;
			sourceTree = "<group>";
		};
		0AB22FFE2320DD7E001498FF /* model */ = {
			isa = PBXGroup;
			children = (
			);
			path = model;
			sourceTree = "<group>";
		};
		0AB230002320DD8A001498FF /* view */ = {
			isa = PBXGroup;
			children = (
			);
			path = view;
			sourceTree = "<group>";
		};
		0AB230012320E441001498FF /* manager */ = {
			isa = PBXGroup;
			children = (
				0AB22FFA2320C9CD001498FF /* ViewControllerTableProtocol.h */,
				0AB22FFB2320C9CD001498FF /* ViewControllerTableProtocol.m */,
			);
			path = manager;
			sourceTree = "<group>";
		};
		0AB230022320E5C1001498FF /* viewModel */ = {
			isa = PBXGroup;
			children = (
				0AB230062320E648001498FF /* VCViewModel.h */,
				0AB230072320E648001498FF /* VCViewModel.m */,
			);
			path = viewModel;
			sourceTree = "<group>";
		};
		0ABFD2D4235FFFAB00E9D470 /* current */ = {
			isa = PBXGroup;
			children = (
				0AC76A4E237CF0BC00A30393 /* passwordPage */,
				0A9DE395237BDC00002544D4 /* tableFoot */,
				0A28D858237A4DCC0030CB4C /* pushCell */,
				0ADFE6F92371511600C336A7 /* passwordView */,
				0ADFE6ED23710B6300C336A7 /* success */,
				0ABFD2D5235FFFCA00E9D470 /* placeHolderCell */,
				0ABFD2EF23603B6300E9D470 /* bottomView */,
				0A8820C7236137CB0080D580 /* lightButton */,
				0A8820CD2361399C0080D580 /* deepButton */,
				0A4666CF238229A2004B780E /* customHistogram */,
			);
			path = current;
			sourceTree = "<group>";
		};
		0ABFD2D5235FFFCA00E9D470 /* placeHolderCell */ = {
			isa = PBXGroup;
			children = (
				0A38284E235FF60700A1B9E0 /* PlaceHolderCell.h */,
				0A38284F235FF60700A1B9E0 /* PlaceHolderCell.m */,
				0A382850235FF60700A1B9E0 /* PlaceHolderCell.xib */,
			);
			path = placeHolderCell;
			sourceTree = "<group>";
		};
		0ABFD2EF23603B6300E9D470 /* bottomView */ = {
			isa = PBXGroup;
			children = (
				0ABFD2F323603BBF00E9D470 /* BottomView.h */,
				0ABFD2F423603BBF00E9D470 /* BottomView.m */,
				0ABFD2F623603BC800E9D470 /* BottomView.xib */,
			);
			path = bottomView;
			sourceTree = "<group>";
		};
		0AC449F9235EB5EA00D6989B /* LKClickView */ = {
			isa = PBXGroup;
			children = (
				0AC449F6235EB5E300D6989B /* LKClickView.h */,
				0AC449F7235EB5E300D6989B /* LKClickView.m */,
			);
			path = LKClickView;
			sourceTree = "<group>";
		};
		0AC76A4E237CF0BC00A30393 /* passwordPage */ = {
			isa = PBXGroup;
			children = (
				0AC76A4F237CF0EF00A30393 /* PasswordPage.h */,
				0AC76A50237CF0EF00A30393 /* PasswordPage.m */,
			);
			path = passwordPage;
			sourceTree = "<group>";
		};
		0AC973E2234D87A7007FCF56 /* rollView */ = {
			isa = PBXGroup;
			children = (
				0AC973E4234D87C4007FCF56 /* LKRollView.h */,
				0AC973E3234D87C4007FCF56 /* LKRollView.m */,
			);
			path = rollView;
			sourceTree = "<group>";
		};
		0AC973E6234DB045007FCF56 /* swiper */ = {
			isa = PBXGroup;
			children = (
				0AC973E7234DB074007FCF56 /* LKSwiper.h */,
				0AC973E8234DB074007FCF56 /* LKSwiper.m */,
			);
			path = swiper;
			sourceTree = "<group>";
		};
		0ACFB0FA232A391A008B031F /* user */ = {
			isa = PBXGroup;
			children = (
				0ACFB0FB232A3942008B031F /* UserLoginInfo.h */,
				0ACFB0FC232A3942008B031F /* UserLoginInfo.m */,
				0A9D8076237026E700ED80B1 /* UserInfoProtocolPage.h */,
				0A9D8077237026E700ED80B1 /* UserInfoProtocolPage.m */,
			);
			path = user;
			sourceTree = "<group>";
		};
		0ADB88D22322332C00605F48 /* pushPage */ = {
			isa = PBXGroup;
			children = (
				0ADB88D32322335C00605F48 /* PushPage.h */,
				0ADB88D42322335C00605F48 /* PushPage.m */,
			);
			path = pushPage;
			sourceTree = "<group>";
		};
		0ADB88D6232240BC00605F48 /* util */ = {
			isa = PBXGroup;
			children = (
				0ADB88D72322411F00605F48 /* Func.h */,
				0ADB88D82322411F00605F48 /* Func.m */,
				0AA9989E231E691300877690 /* JSONData.h */,
				0A972BBA231F471200DBC599 /* DefineDoc.h */,
				0ACFB0F92329F142008B031F /* Regex.h */,
			);
			path = util;
			sourceTree = "<group>";
		};
		0ADFE6ED23710B6300C336A7 /* success */ = {
			isa = PBXGroup;
			children = (
				0ADFE6EE23710B9F00C336A7 /* SuccessPage.h */,
				0ADFE6EF23710B9F00C336A7 /* SuccessPage.m */,
				0ADFE6F123710BC200C336A7 /* SuccessView.xib */,
			);
			path = success;
			sourceTree = "<group>";
		};
		0ADFE6F92371511600C336A7 /* passwordView */ = {
			isa = PBXGroup;
			children = (
				0ADFE6FA2371514C00C336A7 /* PwdView.h */,
				0ADFE6FB2371514C00C336A7 /* PwdView.m */,
			);
			path = passwordView;
			sourceTree = "<group>";
		};
		0AE56F1E235D941900CA8BF8 /* define */ = {
			isa = PBXGroup;
			children = (
				0AE56F1F235D943600CA8BF8 /* ColorDefine.h */,
			);
			path = define;
			sourceTree = "<group>";
		};
		0AEA6CFA232F6A6D00458545 /* RSA */ = {
			isa = PBXGroup;
			children = (
				0AEA6CFB232F6A8100458545 /* RSA.h */,
				0AEA6CFC232F6A8100458545 /* RSA.m */,
			);
			path = RSA;
			sourceTree = "<group>";
		};
		0AF968F4237E48B300C40C6B /* LKStepPage */ = {
			isa = PBXGroup;
			children = (
				0AF968F5237E48F400C40C6B /* LKStepPage.h */,
				0AF968F6237E48F400C40C6B /* LKStepPage.m */,
			);
			path = LKStepPage;
			sourceTree = "<group>";
		};
		0AFBF18B2321FD830004EE4E /* dateFormat */ = {
			isa = PBXGroup;
			children = (
				0AFBF19B232207D30004EE4E /* DateFormat.h */,
				0AFBF199232207D30004EE4E /* NSDate+DateFormat.h */,
				0AFBF19E232207D30004EE4E /* NSDate+DateFormat.m */,
				0AFBF19C232207D30004EE4E /* NSDateComponents+DateFormat.h */,
				0AFBF19F232207D30004EE4E /* NSDateComponents+DateFormat.m */,
				0AFBF19A232207D30004EE4E /* NSString+DateFormat.h */,
				0AFBF19D232207D30004EE4E /* NSString+DateFormat.m */,
			);
			path = dateFormat;
			sourceTree = "<group>";
		};
		647E1A19C273CB6708C9442A /* Frameworks */ = {
			isa = PBXGroup;
			children = (
				7858436795A439F114890765 /* libPods-runner.a */,
			);
			name = Frameworks;
			sourceTree = "<group>";
		};
		A11BCBEDC325C8D3EC7A0A5F /* Pods */ = {
			isa = PBXGroup;
			children = (
				3BE283549D81A12AC2B9F8A7 /* Pods-runner.debug.xcconfig */,
				74B429156165080383452151 /* Pods-runner.release.xcconfig */,
			);
			path = Pods;
			sourceTree = "<group>";
		};
/* End PBXGroup section */

/* Begin PBXNativeTarget section */
		0AA9985B231E03A600877690 /* runner */ = {
			isa = PBXNativeTarget;
			buildConfigurationList = 0AA99872231E03A900877690 /* Build configuration list for PBXNativeTarget "runner" */;
			buildPhases = (
				EB1AAAD4AB7611CB61C25491 /* [CP] Check Pods Manifest.lock */,
				0AA99858231E03A600877690 /* Sources */,
				0AA99859231E03A600877690 /* Frameworks */,
				0AA9985A231E03A600877690 /* Resources */,
				55A48031E83C1E264CA9BA5B /* [CP] Copy Pods Resources */,
			);
			buildRules = (
			);
			dependencies = (
			);
			name = runner;
			productName = runner;
			productReference = 0AA9985C231E03A600877690 /* 立刷掌柜.app */;
			productType = "com.apple.product-type.application";
		};
/* End PBXNativeTarget section */

/* Begin PBXProject section */
		0AA99854231E03A600877690 /* Project object */ = {
			isa = PBXProject;
			attributes = {
				LastUpgradeCheck = 1030;
				ORGANIZATIONNAME = com.runner.www;
				TargetAttributes = {
					0AA9985B231E03A600877690 = {
						CreatedOnToolsVersion = 10.3;
					};
				};
			};
			buildConfigurationList = 0AA99857231E03A600877690 /* Build configuration list for PBXProject "runner" */;
			compatibilityVersion = "Xcode 9.3";
			developmentRegion = en;
			hasScannedForEncodings = 0;
			knownRegions = (
				en,
				Base,
			);
			mainGroup = 0AA99853231E03A600877690;
			productRefGroup = 0AA9985D231E03A600877690 /* Products */;
			projectDirPath = "";
			projectRoot = "";
			targets = (
				0AA9985B231E03A600877690 /* runner */,
			);
		};
/* End PBXProject section */

/* Begin PBXResourcesBuildPhase section */
		0AA9985A231E03A600877690 /* Resources */ = {
			isa = PBXResourcesBuildPhase;
			buildActionMask = 2147483647;
			files = (
				0A8820D2236139BE0080D580 /* DeepLKButton.xib in Resources */,
				0A8820CC2361380B0080D580 /* LightLKButton.xib in Resources */,
				0AFC90592373CECC00A45FB0 /* h5 in Resources */,
				0ADFE6F223710BC200C336A7 /* SuccessView.xib in Resources */,
				0ABFD2F723603BC800E9D470 /* BottomView.xib in Resources */,
				0A5D9096236192D5004E2A45 /* area.plist in Resources */,
				0A382852235FF60700A1B9E0 /* PlaceHolderCell.xib in Resources */,
				0A28D85D237A4DE50030CB4C /* PushCell.xib in Resources */,
				0AA9986C231E03A900877690 /* LaunchScreen.storyboard in Resources */,
				0A9DE397237BDC15002544D4 /* TableFootView.xib in Resources */,
				0AA99869231E03A900877690 /* Assets.xcassets in Resources */,
			);
			runOnlyForDeploymentPostprocessing = 0;
		};
/* End PBXResourcesBuildPhase section */

/* Begin PBXShellScriptBuildPhase section */
		55A48031E83C1E264CA9BA5B /* [CP] Copy Pods Resources */ = {
			isa = PBXShellScriptBuildPhase;
			buildActionMask = 2147483647;
			files = (
			);
			inputFileListPaths = (
				"${PODS_ROOT}/Target Support Files/Pods-runner/Pods-runner-resources-${CONFIGURATION}-input-files.xcfilelist",
			);
			name = "[CP] Copy Pods Resources";
			outputFileListPaths = (
				"${PODS_ROOT}/Target Support Files/Pods-runner/Pods-runner-resources-${CONFIGURATION}-output-files.xcfilelist",
			);
			runOnlyForDeploymentPostprocessing = 0;
			shellPath = /bin/sh;
			shellScript = "\"${PODS_ROOT}/Target Support Files/Pods-runner/Pods-runner-resources.sh\"\n";
			showEnvVarsInLog = 0;
		};
		EB1AAAD4AB7611CB61C25491 /* [CP] Check Pods Manifest.lock */ = {
			isa = PBXShellScriptBuildPhase;
			buildActionMask = 2147483647;
			files = (
			);
			inputFileListPaths = (
			);
			inputPaths = (
				"${PODS_PODFILE_DIR_PATH}/Podfile.lock",
				"${PODS_ROOT}/Manifest.lock",
			);
			name = "[CP] Check Pods Manifest.lock";
			outputFileListPaths = (
			);
			outputPaths = (
				"$(DERIVED_FILE_DIR)/Pods-runner-checkManifestLockResult.txt",
			);
			runOnlyForDeploymentPostprocessing = 0;
			shellPath = /bin/sh;
			shellScript = "diff \"${PODS_PODFILE_DIR_PATH}/Podfile.lock\" \"${PODS_ROOT}/Manifest.lock\" > /dev/null\nif [ $? != 0 ] ; then\n    # print error to STDERR\n    echo \"error: The sandbox is not in sync with the Podfile.lock. Run 'pod install' or update your CocoaPods installation.\" >&2\n    exit 1\nfi\n# This output is used by Xcode 'outputs' to avoid re-running this script phase.\necho \"SUCCESS\" > \"${SCRIPT_OUTPUT_FILE_0}\"\n";
			showEnvVarsInLog = 0;
		};
/* End PBXShellScriptBuildPhase section */

/* Begin PBXSourcesBuildPhase section */
		0AA99858231E03A600877690 /* Sources */ = {
			isa = PBXSourcesBuildPhase;
			buildActionMask = 2147483647;
			files = (
				0AC973E5234D87C4007FCF56 /* LKRollView.m in Sources */,
				0A3684EE234EDDD10091DCFC /* UICountingLabel.m in Sources */,
				0ACB58AE23922E1D0066613A /* UIViewController+POP.m in Sources */,
				0AB230082320E648001498FF /* VCViewModel.m in Sources */,
				0ACFB0FD232A3942008B031F /* UserLoginInfo.m in Sources */,
				0A8DF3D4231FBD00003B7DD6 /* TabbarPage.m in Sources */,
				0AFC903F2373C86F00A45FB0 /* WebPage.m in Sources */,
				0AD8950723877F8B007FECB1 /* LCQRCodeUtil.m in Sources */,
				0A87AACD2376BFE8005B7D64 /* LKItemSelect.m in Sources */,
				0A368505234F3A050091DCFC /* AnimationImageView.m in Sources */,
				0A656BDC238BD47E0035BC71 /* LKAlertView.m in Sources */,
				0ABFD2F523603BBF00E9D470 /* BottomView.m in Sources */,
				0AB22FFC2320C9CD001498FF /* ViewControllerTableProtocol.m in Sources */,
				0A71C1BA23501608009AD0A2 /* HistogramChart.m in Sources */,
				0A3684DF234EDD1F0091DCFC /* RadarChart.m in Sources */,
				0A28D85C237A4DE50030CB4C /* PushCell.m in Sources */,
				0AA99892231E4FCF00877690 /* TablePage.m in Sources */,
				0AA9987F231E0D7E00877690 /* AppInitUtils.m in Sources */,
				0AA9987B231E081400877690 /* NavigationPage.m in Sources */,
				0A3684DC234EDD1F0091DCFC /* LineChartData.m in Sources */,
				0A382851235FF60700A1B9E0 /* PlaceHolderCell.m in Sources */,
				0AFBF1A0232207D30004EE4E /* NSString+DateFormat.m in Sources */,
				0A5D909A236192D5004E2A45 /* LKAddressViewController.m in Sources */,
				0AA99864231E03A600877690 /* ViewController.m in Sources */,
				0AFC905C2373EBD100A45FB0 /* JsFuncModel.m in Sources */,
				0A5D9097236192D5004E2A45 /* LKAddressPickerPresentAnimated.m in Sources */,
				0AC449F8235EB5E300D6989B /* LKClickView.m in Sources */,
				0AA9988B231E19FB00877690 /* UIView+Extension.m in Sources */,
				0ADB88D92322411F00605F48 /* Func.m in Sources */,
				0A972BB9231F44CA00DBC599 /* NetValue.m in Sources */,
				0A4666CE2382296E004B780E /* CustomHistogram.m in Sources */,
				0A0288102373AFFD004C39E9 /* ColumnView.m in Sources */,
				0AC76A51237CF0EF00A30393 /* PasswordPage.m in Sources */,
				0AA9986F231E03A900877690 /* main.m in Sources */,
				0A5D9099236192D5004E2A45 /* LKAddressPickViewTableViewCell.m in Sources */,
				0AFBF1A1232207D30004EE4E /* NSDate+DateFormat.m in Sources */,
				0AA99896231E5B8D00877690 /* NetWork.m in Sources */,
				0ADFE6FC2371514C00C336A7 /* PwdView.m in Sources */,
				0A5D909B236192D5004E2A45 /* LKAddressPickerView.m in Sources */,
				0AEA6CFD232F6A8100458545 /* RSA.m in Sources */,
				0A3684F9234F23680091DCFC /* PageDefault.m in Sources */,
				0A8D81F22357F23E00CCE615 /* TreeChart.m in Sources */,
				0ADB88D52322335C00605F48 /* PushPage.m in Sources */,
				0AA9988F231E3A0A00877690 /* Page.m in Sources */,
				0AFBF1A2232207D30004EE4E /* NSDateComponents+DateFormat.m in Sources */,
				0A8820CA236137F70080D580 /* LightLKButton.m in Sources */,
				0A3684FC234F23EF0091DCFC /* PageDefaultTableProtocol.m in Sources */,
				0A5FEB162327883F00866C91 /* LKCountDown.m in Sources */,
				0A3684F4234F01340091DCFC /* LineChart.m in Sources */,
				0AB22FF22320B126001498FF /* LKNav.m in Sources */,
				0ADFE6F023710B9F00C336A7 /* SuccessPage.m in Sources */,
				0A3684DB234EDD1F0091DCFC /* RadarChartDataItem.m in Sources */,
				0A3684DD234EDD1F0091DCFC /* CircleChart.m in Sources */,
				0AF968F7237E48F400C40C6B /* LKStepPage.m in Sources */,
				0A9D8078237026E700ED80B1 /* UserInfoProtocolPage.m in Sources */,
				0AB22FF92320B846001498FF /* TableProtocol.m in Sources */,
				0AA99884231E106600877690 /* UIColor+TFT.m in Sources */,
				0AC973E9234DB074007FCF56 /* LKSwiper.m in Sources */,
				0A5D9098236192D5004E2A45 /* LKAddressModel.m in Sources */,
				0AA99861231E03A600877690 /* AppDelegate.m in Sources */,
				0AA9989A231E5CD100877690 /* LKLoadingView.m in Sources */,
				0A8820D0236139B40080D580 /* DeepLKButton.m in Sources */,
				0ABAC82C2328F5570032CD5D /* LKButton.m in Sources */,
			);
			runOnlyForDeploymentPostprocessing = 0;
		};
/* End PBXSourcesBuildPhase section */

/* Begin PBXVariantGroup section */
		0AA9986A231E03A900877690 /* LaunchScreen.storyboard */ = {
			isa = PBXVariantGroup;
			children = (
				0AA9986B231E03A900877690 /* Base */,
			);
			name = LaunchScreen.storyboard;
			sourceTree = "<group>";
		};
/* End PBXVariantGroup section */

/* Begin XCBuildConfiguration section */
		0AA99870231E03A900877690 /* Debug */ = {
			isa = XCBuildConfiguration;
			buildSettings = {
				ALWAYS_SEARCH_USER_PATHS = NO;
				CLANG_ANALYZER_NONNULL = YES;
				CLANG_ANALYZER_NUMBER_OBJECT_CONVERSION = YES_AGGRESSIVE;
				CLANG_CXX_LANGUAGE_STANDARD = "gnu++14";
				CLANG_CXX_LIBRARY = "libc++";
				CLANG_ENABLE_MODULES = YES;
				CLANG_ENABLE_OBJC_ARC = YES;
				CLANG_ENABLE_OBJC_WEAK = YES;
				CLANG_WARN_BLOCK_CAPTURE_AUTORELEASING = YES;
				CLANG_WARN_BOOL_CONVERSION = YES;
				CLANG_WARN_COMMA = YES;
				CLANG_WARN_CONSTANT_CONVERSION = YES;
				CLANG_WARN_DEPRECATED_OBJC_IMPLEMENTATIONS = YES;
				CLANG_WARN_DIRECT_OBJC_ISA_USAGE = YES_ERROR;
				CLANG_WARN_DOCUMENTATION_COMMENTS = YES;
				CLANG_WARN_EMPTY_BODY = YES;
				CLANG_WARN_ENUM_CONVERSION = YES;
				CLANG_WARN_INFINITE_RECURSION = YES;
				CLANG_WARN_INT_CONVERSION = YES;
				CLANG_WARN_NON_LITERAL_NULL_CONVERSION = YES;
				CLANG_WARN_OBJC_IMPLICIT_RETAIN_SELF = YES;
				CLANG_WARN_OBJC_LITERAL_CONVERSION = YES;
				CLANG_WARN_OBJC_ROOT_CLASS = YES_ERROR;
				CLANG_WARN_RANGE_LOOP_ANALYSIS = YES;
				CLANG_WARN_STRICT_PROTOTYPES = YES;
				CLANG_WARN_SUSPICIOUS_MOVE = YES;
				CLANG_WARN_UNGUARDED_AVAILABILITY = YES_AGGRESSIVE;
				CLANG_WARN_UNREACHABLE_CODE = YES;
				CLANG_WARN__DUPLICATE_METHOD_MATCH = YES;
				CODE_SIGN_IDENTITY = "iPhone Developer";
				COPY_PHASE_STRIP = NO;
				DEBUG_INFORMATION_FORMAT = dwarf;
				ENABLE_STRICT_OBJC_MSGSEND = YES;
				ENABLE_TESTABILITY = YES;
				GCC_C_LANGUAGE_STANDARD = gnu11;
				GCC_DYNAMIC_NO_PIC = NO;
				GCC_NO_COMMON_BLOCKS = YES;
				GCC_OPTIMIZATION_LEVEL = 0;
				GCC_PREPROCESSOR_DEFINITIONS = (
					"DEBUG=1",
					"$(inherited)",
				);
				GCC_WARN_64_TO_32_BIT_CONVERSION = YES;
				GCC_WARN_ABOUT_RETURN_TYPE = YES_ERROR;
				GCC_WARN_UNDECLARED_SELECTOR = YES;
				GCC_WARN_UNINITIALIZED_AUTOS = YES_AGGRESSIVE;
				GCC_WARN_UNUSED_FUNCTION = YES;
				GCC_WARN_UNUSED_VARIABLE = YES;
				IPHONEOS_DEPLOYMENT_TARGET = 9.0;
				MTL_ENABLE_DEBUG_INFO = INCLUDE_SOURCE;
				MTL_FAST_MATH = YES;
				ONLY_ACTIVE_ARCH = YES;
				SDKROOT = iphoneos;
			};
			name = Debug;
		};
		0AA99871231E03A900877690 /* Release */ = {
			isa = XCBuildConfiguration;
			buildSettings = {
				ALWAYS_SEARCH_USER_PATHS = NO;
				CLANG_ANALYZER_NONNULL = YES;
				CLANG_ANALYZER_NUMBER_OBJECT_CONVERSION = YES_AGGRESSIVE;
				CLANG_CXX_LANGUAGE_STANDARD = "gnu++14";
				CLANG_CXX_LIBRARY = "libc++";
				CLANG_ENABLE_MODULES = YES;
				CLANG_ENABLE_OBJC_ARC = YES;
				CLANG_ENABLE_OBJC_WEAK = YES;
				CLANG_WARN_BLOCK_CAPTURE_AUTORELEASING = YES;
				CLANG_WARN_BOOL_CONVERSION = YES;
				CLANG_WARN_COMMA = YES;
				CLANG_WARN_CONSTANT_CONVERSION = YES;
				CLANG_WARN_DEPRECATED_OBJC_IMPLEMENTATIONS = YES;
				CLANG_WARN_DIRECT_OBJC_ISA_USAGE = YES_ERROR;
				CLANG_WARN_DOCUMENTATION_COMMENTS = YES;
				CLANG_WARN_EMPTY_BODY = YES;
				CLANG_WARN_ENUM_CONVERSION = YES;
				CLANG_WARN_INFINITE_RECURSION = YES;
				CLANG_WARN_INT_CONVERSION = YES;
				CLANG_WARN_NON_LITERAL_NULL_CONVERSION = YES;
				CLANG_WARN_OBJC_IMPLICIT_RETAIN_SELF = YES;
				CLANG_WARN_OBJC_LITERAL_CONVERSION = YES;
				CLANG_WARN_OBJC_ROOT_CLASS = YES_ERROR;
				CLANG_WARN_RANGE_LOOP_ANALYSIS = YES;
				CLANG_WARN_STRICT_PROTOTYPES = YES;
				CLANG_WARN_SUSPICIOUS_MOVE = YES;
				CLANG_WARN_UNGUARDED_AVAILABILITY = YES_AGGRESSIVE;
				CLANG_WARN_UNREACHABLE_CODE = YES;
				CLANG_WARN__DUPLICATE_METHOD_MATCH = YES;
				CODE_SIGN_IDENTITY = "iPhone Developer";
				COPY_PHASE_STRIP = NO;
				DEBUG_INFORMATION_FORMAT = "dwarf-with-dsym";
				ENABLE_NS_ASSERTIONS = NO;
				ENABLE_STRICT_OBJC_MSGSEND = YES;
				GCC_C_LANGUAGE_STANDARD = gnu11;
				GCC_NO_COMMON_BLOCKS = YES;
				GCC_WARN_64_TO_32_BIT_CONVERSION = YES;
				GCC_WARN_ABOUT_RETURN_TYPE = YES_ERROR;
				GCC_WARN_UNDECLARED_SELECTOR = YES;
				GCC_WARN_UNINITIALIZED_AUTOS = YES_AGGRESSIVE;
				GCC_WARN_UNUSED_FUNCTION = YES;
				GCC_WARN_UNUSED_VARIABLE = YES;
				IPHONEOS_DEPLOYMENT_TARGET = 9.0;
				MTL_ENABLE_DEBUG_INFO = NO;
				MTL_FAST_MATH = YES;
				SDKROOT = iphoneos;
				VALIDATE_PRODUCT = YES;
			};
			name = Release;
		};
		0AA99873231E03A900877690 /* Debug */ = {
			isa = XCBuildConfiguration;
			baseConfigurationReference = 3BE283549D81A12AC2B9F8A7 /* Pods-runner.debug.xcconfig */;
			buildSettings = {
				ASSETCATALOG_COMPILER_APPICON_NAME = AppIcon;
				CODE_SIGN_STYLE = Automatic;
				DEVELOPMENT_TEAM = 3RPF87RK6C;
				ENABLE_BITCODE = NO;
				GCC_PRECOMPILE_PREFIX_HEADER = YES;
				GCC_PREFIX_HEADER = "$(SRCROOT)/runner/PrefixHeader.pch";
				INFOPLIST_FILE = runner/Info.plist;
				IPHONEOS_DEPLOYMENT_TARGET = 9.0;
				LD_RUNPATH_SEARCH_PATHS = (
					"$(inherited)",
					"@executable_path/Frameworks",
				);
				PRODUCT_BUNDLE_IDENTIFIER = com.lishuazhanggui.www;
				PRODUCT_NAME = "立刷掌柜";
				TARGETED_DEVICE_FAMILY = 1;
			};
			name = Debug;
		};
		0AA99874231E03A900877690 /* Release */ = {
			isa = XCBuildConfiguration;
			baseConfigurationReference = 74B429156165080383452151 /* Pods-runner.release.xcconfig */;
			buildSettings = {
				ASSETCATALOG_COMPILER_APPICON_NAME = AppIcon;
				CODE_SIGN_ENTITLEMENTS = "runner/立刷掌柜Release.entitlements";
				CODE_SIGN_STYLE = Automatic;
				DEVELOPMENT_TEAM = 3RPF87RK6C;
				ENABLE_BITCODE = NO;
				GCC_PRECOMPILE_PREFIX_HEADER = YES;
				GCC_PREFIX_HEADER = "$(SRCROOT)/runner/PrefixHeader.pch";
				INFOPLIST_FILE = runner/Info.plist;
				IPHONEOS_DEPLOYMENT_TARGET = 9.0;
				LD_RUNPATH_SEARCH_PATHS = (
					"$(inherited)",
					"@executable_path/Frameworks",
				);
				PRODUCT_BUNDLE_IDENTIFIER = com.lishuazhanggui.www;
				PRODUCT_NAME = "立刷掌柜";
				TARGETED_DEVICE_FAMILY = 1;
			};
			name = Release;
		};
/* End XCBuildConfiguration section */

/* Begin XCConfigurationList section */
		0AA99857231E03A600877690 /* Build configuration list for PBXProject "runner" */ = {
			isa = XCConfigurationList;
			buildConfigurations = (
				0AA99870231E03A900877690 /* Debug */,
				0AA99871231E03A900877690 /* Release */,
			);
			defaultConfigurationIsVisible = 0;
			defaultConfigurationName = Release;
		};
		0AA99872231E03A900877690 /* Build configuration list for PBXNativeTarget "runner" */ = {
			isa = XCConfigurationList;
			buildConfigurations = (
				0AA99873231E03A900877690 /* Debug */,
				0AA99874231E03A900877690 /* Release */,
			);
			defaultConfigurationIsVisible = 0;
			defaultConfigurationName = Release;
		};
/* End XCConfigurationList section */
	};
	rootObject = 0AA99854231E03A600877690 /* Project object */;
}
